
Microsoft Visual Studio Solution File, Format Version 12.00
# Visual Studio Version 16
VisualStudioVersion = 16.0.30804.86
MinimumVisualStudioVersion = 10.0.40219.1
Project("{8BC9CEB8-8B4A-11D0-8D11-00A0C91BC942}") = "client", "client\client.vcxproj", "{8EA9486B-F370-4BD4-A739-27A53E1ADFFE}"
EndProject
Project("{8BC9CEB8-8B4A-11D0-8D11-00A0C91BC942}") = "server", "server\server.vcxproj", "{16732E58-3B7F-4968-A37C-0DFAE381C919}"
EndProject
Global
	GlobalSection(SolutionConfigurationPlatforms) = preSolution
		Debug|x64 = Debug|x64
		Debug|x86 = Debug|x86
		Release|x64 = Release|x64
		Release|x86 = Release|x86
	EndGlobalSection
	GlobalSection(ProjectConfigurationPlatforms) = postSolution
		{8EA9486B-F370-4BD4-A739-27A53E1ADFFE}.Debug|x64.ActiveCfg = Debug|x64
		{8EA9486B-F370-4BD4-A739-27A53E1ADFFE}.Debug|x64.Build.0 = Debug|x64
		{8EA9486B-F370-4BD4-A739-27A53E1ADFFE}.Debug|x86.ActiveCfg = Debug|Win32
		{8EA9486B-F370-4BD4-A739-27A53E1ADFFE}.Debug|x86.Build.0 = Debug|Win32
		{8EA9486B-F370-4BD4-A739-27A53E1ADFFE}.Release|x64.ActiveCfg = Release|x64
		{8EA9486B-F370-4BD4-A739-27A53E1ADFFE}.Release|x64.Build.0 = Release|x64
		{8EA9486B-F370-4BD4-A739-27A53E1ADFFE}.Release|x86.ActiveCfg = Release|Win32
		{8EA9486B-F370-4BD4-A739-27A53E1ADFFE}.Release|x86.Build.0 = Release|Win32
		{16732E58-3B7F-4968-A37C-0DFAE381C919}.Debug|x64.ActiveCfg = Debug|x64
		{16732E58-3B7F-4968-A37C-0DFAE381C919}.Debug|x64.Build.0 = Debug|x64
		{16732E58-3B7F-4968-A37C-0DFAE381C919}.Debug|x86.ActiveCfg = Debug|Win32
		{16732E58-3B7F-4968-A37C-0DFAE381C919}.Debug|x86.Build.0 = Debug|Win32
		{16732E58-3B7F-4968-A37C-0DFAE381C919}.Release|x64.ActiveCfg = Release|x64
		{16732E58-3B7F-4968-A37C-0DFAE381C919}.Release|x64.Build.0 = Release|x64
		{16732E58-3B7F-4968-A37C-0DFAE381C919}.Release|x86.ActiveCfg = Release|Win32
		{16732E58-3B7F-4968-A37C-0DFAE381C919}.Release|x86.Build.0 = Release|Win32
	EndGlobalSection
	GlobalSection(SolutionProperties) = preSolution
		HideSolutionNode = FALSE
	EndGlobalSection
	GlobalSection(ExtensibilityGlobals) = postSolution
		SolutionGuid = {9E3C23FC-B052-482B-B512-6AF60D69CAD3}
	EndGlobalSection
EndGlobal
